
Microsoft Visual Studio Solution File, Format Version 12.00
# Visual Studio Version 17
VisualStudioVersion = 17.0.31903.59
MinimumVisualStudioVersion = 10.0.40219.1
Project("{2150E333-8FDC-42A3-9474-1A3956D46DE8}") = "Backend", "Backend", "{1AE8ACA6-933B-BF2A-3671-3E2EAC007D16}"
EndProject
Project("{FAE04EC0-301F-11D3-BF4B-00C04F79EFBC}") = "QuizApp", "Backend\QuizApp\QuizApp.csproj", "{28FFFF01-0E1B-4639-91D3-9AD86CB3931F}"
EndProject
Project("{FAE04EC0-301F-11D3-BF4B-00C04F79EFBC}") = "QuizApp.Tests", "Backend\QuizApp.Tests\QuizApp.Tests.csproj", "{0F018E08-4179-40B5-B6B7-C4A1E2FB3656}"
EndProject
Global
	GlobalSection(SolutionConfigurationPlatforms) = preSolution
		Debug|Any CPU = Debug|Any CPU
		Debug|x64 = Debug|x64
		Debug|x86 = Debug|x86
		Release|Any CPU = Release|Any CPU
		Release|x64 = Release|x64
		Release|x86 = Release|x86
	EndGlobalSection
	GlobalSection(ProjectConfigurationPlatforms) = postSolution
		{28FFFF01-0E1B-4639-91D3-9AD86CB3931F}.Debug|Any CPU.ActiveCfg = Debug|Any CPU
		{28FFFF01-0E1B-4639-91D3-9AD86CB3931F}.Debug|Any CPU.Build.0 = Debug|Any CPU
		{28FFFF01-0E1B-4639-91D3-9AD86CB3931F}.Debug|x64.ActiveCfg = Debug|Any CPU
		{28FFFF01-0E1B-4639-91D3-9AD86CB3931F}.Debug|x64.Build.0 = Debug|Any CPU
		{28FFFF01-0E1B-4639-91D3-9AD86CB3931F}.Debug|x86.ActiveCfg = Debug|Any CPU
		{28FFFF01-0E1B-4639-91D3-9AD86CB3931F}.Debug|x86.Build.0 = Debug|Any CPU
		{28FFFF01-0E1B-4639-91D3-9AD86CB3931F}.Release|Any CPU.ActiveCfg = Release|Any CPU
		{28FFFF01-0E1B-4639-91D3-9AD86CB3931F}.Release|Any CPU.Build.0 = Release|Any CPU
		{28FFFF01-0E1B-4639-91D3-9AD86CB3931F}.Release|x64.ActiveCfg = Release|Any CPU
		{28FFFF01-0E1B-4639-91D3-9AD86CB3931F}.Release|x64.Build.0 = Release|Any CPU
		{28FFFF01-0E1B-4639-91D3-9AD86CB3931F}.Release|x86.ActiveCfg = Release|Any CPU
		{28FFFF01-0E1B-4639-91D3-9AD86CB3931F}.Release|x86.Build.0 = Release|Any CPU
		{0F018E08-4179-40B5-B6B7-C4A1E2FB3656}.Debug|Any CPU.ActiveCfg = Debug|Any CPU
		{0F018E08-4179-40B5-B6B7-C4A1E2FB3656}.Debug|Any CPU.Build.0 = Debug|Any CPU
		{0F018E08-4179-40B5-B6B7-C4A1E2FB3656}.Debug|x64.ActiveCfg = Debug|Any CPU
		{0F018E08-4179-40B5-B6B7-C4A1E2FB3656}.Debug|x64.Build.0 = Debug|Any CPU
		{0F018E08-4179-40B5-B6B7-C4A1E2FB3656}.Debug|x86.ActiveCfg = Debug|Any CPU
		{0F018E08-4179-40B5-B6B7-C4A1E2FB3656}.Debug|x86.Build.0 = Debug|Any CPU
		{0F018E08-4179-40B5-B6B7-C4A1E2FB3656}.Release|Any CPU.ActiveCfg = Release|Any CPU
		{0F018E08-4179-40B5-B6B7-C4A1E2FB3656}.Release|Any CPU.Build.0 = Release|Any CPU
		{0F018E08-4179-40B5-B6B7-C4A1E2FB3656}.Release|x64.ActiveCfg = Release|Any CPU
		{0F018E08-4179-40B5-B6B7-C4A1E2FB3656}.Release|x64.Build.0 = Release|Any CPU
		{0F018E08-4179-40B5-B6B7-C4A1E2FB3656}.Release|x86.ActiveCfg = Release|Any CPU
		{0F018E08-4179-40B5-B6B7-C4A1E2FB3656}.Release|x86.Build.0 = Release|Any CPU
	EndGlobalSection
	GlobalSection(SolutionProperties) = preSolution
		HideSolutionNode = FALSE
	EndGlobalSection
	GlobalSection(NestedProjects) = preSolution
		{28FFFF01-0E1B-4639-91D3-9AD86CB3931F} = {1AE8ACA6-933B-BF2A-3671-3E2EAC007D16}
		{0F018E08-4179-40B5-B6B7-C4A1E2FB3656} = {1AE8ACA6-933B-BF2A-3671-3E2EAC007D16}
	EndGlobalSection
EndGlobal
